// !$*UTF8*$!
{
	archiveVersion = 1;
	classes = {
	};
	objectVersion = 56;
	objects = {

/* Begin PBXBuildFile section */
		02FAA5FE28FEA57D0059F355 /* AppDelegate.swift in Sources */ = {isa = PBXBuildFile; fileRef = 02FAA5FD28FEA57D0059F355 /* AppDelegate.swift */; };
		02FAA60028FEA57D0059F355 /* SceneDelegate.swift in Sources */ = {isa = PBXBuildFile; fileRef = 02FAA5FF28FEA57D0059F355 /* SceneDelegate.swift */; };
		02FAA60228FEA57D0059F355 /* ViewController.swift in Sources */ = {isa = PBXBuildFile; fileRef = 02FAA60128FEA57D0059F355 /* ViewController.swift */; };
		02FAA60528FEA57D0059F355 /* Main.storyboard in Resources */ = {isa = PBXBuildFile; fileRef = 02FAA60328FEA57D0059F355 /* Main.storyboard */; };
		02FAA60828FEA57D0059F355 /* Hackaton.xcdatamodeld in Sources */ = {isa = PBXBuildFile; fileRef = 02FAA60628FEA57D0059F355 /* Hackaton.xcdatamodeld */; };
		02FAA60A28FEA57E0059F355 /* Assets.xcassets in Resources */ = {isa = PBXBuildFile; fileRef = 02FAA60928FEA57E0059F355 /* Assets.xcassets */; };
		02FAA60D28FEA57E0059F355 /* LaunchScreen.storyboard in Resources */ = {isa = PBXBuildFile; fileRef = 02FAA60B28FEA57E0059F355 /* LaunchScreen.storyboard */; };
/* End PBXBuildFile section */

/* Begin PBXFileReference section */
		02FAA5FA28FEA57D0059F355 /* Hackaton.app */ = {isa = PBXFileReference; explicitFileType = wrapper.application; includeInIndex = 0; path = Hackaton.app; sourceTree = BUILT_PRODUCTS_DIR; };
		02FAA5FD28FEA57D0059F355 /* AppDelegate.swift */ = {isa = PBXFileReference; lastKnownFileType = sourcecode.swift; path = AppDelegate.swift; sourceTree = "<group>"; };
		02FAA5FF28FEA57D0059F355 /* SceneDelegate.swift */ = {isa = PBXFileReference; lastKnownFileType = sourcecode.swift; path = SceneDelegate.swift; sourceTree = "<group>"; };
		02FAA60128FEA57D0059F355 /* ViewController.swift */ = {isa = PBXFileReference; lastKnownFileType = sourcecode.swift; path = ViewController.swift; sourceTree = "<group>"; };
		02FAA60428FEA57D0059F355 /* Base */ = {isa = PBXFileReference; lastKnownFileType = file.storyboard; name = Base; path = Base.lproj/Main.storyboard; sourceTree = "<group>"; };
		02FAA60728FEA57D0059F355 /* Hackaton.xcdatamodel */ = {isa = PBXFileReference; lastKnownFileType = wrapper.xcdatamodel; path = Hackaton.xcdatamodel; sourceTree = "<group>"; };
		02FAA60928FEA57E0059F355 /* Assets.xcassets */ = {isa = PBXFileReference; lastKnownFileType = folder.assetcatalog; path = Assets.xcassets; sourceTree = "<group>"; };
		02FAA60C28FEA57E0059F355 /* Base */ = {isa = PBXFileReference; lastKnownFileType = file.storyboard; name = Base; path = Base.lproj/LaunchScreen.storyboard; sourceTree = "<group>"; };
		02FAA60E28FEA57E0059F355 /* Info.plist */ = {isa = PBXFileReference; lastKnownFileType = text.plist.xml; path = Info.plist; sourceTree = "<group>"; };
/* End PBXFileReference section */

/* Begin PBXFrameworksBuildPhase section */
		02FAA5F728FEA57D0059F355 /* Frameworks */ = {
			isa = PBXFrameworksBuildPhase;
			buildActionMask = 2147483647;
			files = (
			);
			runOnlyForDeploymentPostprocessing = 0;
		};
/* End PBXFrameworksBuildPhase section */

/* Begin PBXGroup section */
		02FAA5F128FEA57D0059F355 = {
			isa = PBXGroup;
			children = (
				02FAA5FC28FEA57D0059F355 /* Hackaton */,
				02FAA5FB28FEA57D0059F355 /* Products */,
			);
			sourceTree = "<group>";
		};
		02FAA5FB28FEA57D0059F355 /* Products */ = {
			isa = PBXGroup;
			children = (
				02FAA5FA28FEA57D0059F355 /* Hackaton.app */,
			);
			name = Products;
			sourceTree = "<group>";
		};
		02FAA5FC28FEA57D0059F355 /* Hackaton */ = {
			isa = PBXGroup;
			children = (
				02FAA5FD28FEA57D0059F355 /* AppDelegate.swift */,
				02FAA5FF28FEA57D0059F355 /* SceneDelegate.swift */,
				02FAA60128FEA57D0059F355 /* ViewController.swift */,
				02FAA60328FEA57D0059F355 /* Main.storyboard */,
				02FAA60928FEA57E0059F355 /* Assets.xcassets */,
				02FAA60B28FEA57E0059F355 /* LaunchScreen.storyboard */,
				02FAA60E28FEA57E0059F355 /* Info.plist */,
				02FAA60628FEA57D0059F355 /* Hackaton.xcdatamodeld */,
			);
			path = Hackaton;
			sourceTree = "<group>";
		};
/* End PBXGroup section */

/* Begin PBXNativeTarget section */
		02FAA5F928FEA57D0059F355 /* Hackaton */ = {
			isa = PBXNativeTarget;
			buildConfigurationList = 02FAA61128FEA57E0059F355 /* Build configuration list for PBXNativeTarget "Hackaton" */;
			buildPhases = (
				02FAA5F628FEA57D0059F355 /* Sources */,
				02FAA5F728FEA57D0059F355 /* Frameworks */,
				02FAA5F828FEA57D0059F355 /* Resources */,
			);
			buildRules = (
			);
			dependencies = (
			);
			name = Hackaton;
			productName = Hackaton;
			productReference = 02FAA5FA28FEA57D0059F355 /* Hackaton.app */;
			productType = "com.apple.product-type.application";
		};
/* End PBXNativeTarget section */

/* Begin PBXProject section */
		02FAA5F228FEA57D0059F355 /* Project object */ = {
			isa = PBXProject;
			attributes = {
				BuildIndependentTargetsInParallel = 1;
				LastSwiftUpdateCheck = 1400;
				LastUpgradeCheck = 1400;
				TargetAttributes = {
					02FAA5F928FEA57D0059F355 = {
						CreatedOnToolsVersion = 14.0.1;
					};
				};
			};
			buildConfigurationList = 02FAA5F528FEA57D0059F355 /* Build configuration list for PBXProject "Hackaton" */;
			compatibilityVersion = "Xcode 14.0";
			developmentRegion = en;
			hasScannedForEncodings = 0;
			knownRegions = (
				en,
				Base,
			);
			mainGroup = 02FAA5F128FEA57D0059F355;
			productRefGroup = 02FAA5FB28FEA57D0059F355 /* Products */;
			projectDirPath = "";
			projectRoot = "";
			targets = (
				02FAA5F928FEA57D0059F355 /* Hackaton */,
			);
		};
/* End PBXProject section */

/* Begin PBXResourcesBuildPhase section */
		02FAA5F828FEA57D0059F355 /* Resources */ = {
			isa = PBXResourcesBuildPhase;
			buildActionMask = 2147483647;
			files = (
				02FAA60D28FEA57E0059F355 /* LaunchScreen.storyboard in Resources */,
				02FAA60A28FEA57E0059F355 /* Assets.xcassets in Resources */,
				02FAA60528FEA57D0059F355 /* Main.storyboard in Resources */,
			);
			runOnlyForDeploymentPostprocessing = 0;
		};
/* End PBXResourcesBuildPhase section */

/* Begin PBXSourcesBuildPhase section */
		02FAA5F628FEA57D0059F355 /* Sources */ = {
			isa = PBXSourcesBuildPhase;
			buildActionMask = 2147483647;
			files = (
				02FAA60228FEA57D0059F355 /* ViewController.swift in Sources */,
				02FAA5FE28FEA57D0059F355 /* AppDelegate.swift in Sources */,
				02FAA60828FEA57D0059F355 /* Hackaton.xcdatamodeld in Sources */,
				02FAA60028FEA57D0059F355 /* SceneDelegate.swift in Sources */,
			);
			runOnlyForDeploymentPostprocessing = 0;
		};
/* End PBXSourcesBuildPhase section */

/* Begin PBXVariantGroup section */
		02FAA60328FEA57D0059F355 /* Main.storyboard */ = {
			isa = PBXVariantGroup;
			children = (
				02FAA60428FEA57D0059F355 /* Base */,
			);
			name = Main.storyboard;
			sourceTree = "<group>";
		};
		02FAA60B28FEA57E0059F355 /* LaunchScreen.storyboard */ = {
			isa = PBXVariantGroup;
			children = (
				02FAA60C28FEA57E0059F355 /* Base */,
			);
			name = LaunchScreen.storyboard;
			sourceTree = "<group>";
		};
/* End PBXVariantGroup section */

/* Begin XCBuildConfiguration section */
		02FAA60F28FEA57E0059F355 /* Debug */ = {
			isa = XCBuildConfiguration;
			buildSettings = {
				ALWAYS_SEARCH_USER_PATHS = NO;
				CLANG_ANALYZER_NONNULL = YES;
				CLANG_ANALYZER_NUMBER_OBJECT_CONVERSION = YES_AGGRESSIVE;
				CLANG_CXX_LANGUAGE_STANDARD = "gnu++20";
				CLANG_ENABLE_MODULES = YES;
				CLANG_ENABLE_OBJC_ARC = YES;
				CLANG_ENABLE_OBJC_WEAK = YES;
				CLANG_WARN_BLOCK_CAPTURE_AUTORELEASING = YES;
				CLANG_WARN_BOOL_CONVERSION = YES;
				CLANG_WARN_COMMA = YES;
				CLANG_WARN_CONSTANT_CONVERSION = YES;
				CLANG_WARN_DEPRECATED_OBJC_IMPLEMENTATIONS = YES;
				CLANG_WARN_DIRECT_OBJC_ISA_USAGE = YES_ERROR;
				CLANG_WARN_DOCUMENTATION_COMMENTS = YES;
				CLANG_WARN_EMPTY_BODY = YES;
				CLANG_WARN_ENUM_CONVERSION = YES;
				CLANG_WARN_INFINITE_RECURSION = YES;
				CLANG_WARN_INT_CONVERSION = YES;
				CLANG_WARN_NON_LITERAL_NULL_CONVERSION = YES;
				CLANG_WARN_OBJC_IMPLICIT_RETAIN_SELF = YES;
				CLANG_WARN_OBJC_LITERAL_CONVERSION = YES;
				CLANG_WARN_OBJC_ROOT_CLASS = YES_ERROR;
				CLANG_WARN_QUOTED_INCLUDE_IN_FRAMEWORK_HEADER = YES;
				CLANG_WARN_RANGE_LOOP_ANALYSIS = YES;
				CLANG_WARN_STRICT_PROTOTYPES = YES;
				CLANG_WARN_SUSPICIOUS_MOVE = YES;
				CLANG_WARN_UNGUARDED_AVAILABILITY = YES_AGGRESSIVE;
				CLANG_WARN_UNREACHABLE_CODE = YES;
				CLANG_WARN__DUPLICATE_METHOD_MATCH = YES;
				COPY_PHASE_STRIP = NO;
				DEBUG_INFORMATION_FORMAT = dwarf;
				ENABLE_STRICT_OBJC_MSGSEND = YES;
				ENABLE_TESTABILITY = YES;
				GCC_C_LANGUAGE_STANDARD = gnu11;
				GCC_DYNAMIC_NO_PIC = NO;
				GCC_NO_COMMON_BLOCKS = YES;
				GCC_OPTIMIZATION_LEVEL = 0;
				GCC_PREPROCESSOR_DEFINITIONS = (
					"DEBUG=1",
					"$(inherited)",
				);
				GCC_WARN_64_TO_32_BIT_CONVERSION = YES;
				GCC_WARN_ABOUT_RETURN_TYPE = YES_ERROR;
				GCC_WARN_UNDECLARED_SELECTOR = YES;
				GCC_WARN_UNINITIALIZED_AUTOS = YES_AGGRESSIVE;
				GCC_WARN_UNUSED_FUNCTION = YES;
				GCC_WARN_UNUSED_VARIABLE = YES;
				IPHONEOS_DEPLOYMENT_TARGET = 16.0;
				MTL_ENABLE_DEBUG_INFO = INCLUDE_SOURCE;
				MTL_FAST_MATH = YES;
				ONLY_ACTIVE_ARCH = YES;
				SDKROOT = iphoneos;
				SWIFT_ACTIVE_COMPILATION_CONDITIONS = DEBUG;
				SWIFT_OPTIMIZATION_LEVEL = "-Onone";
			};
			name = Debug;
		};
		02FAA61028FEA57E0059F355 /* Release */ = {
			isa = XCBuildConfiguration;
			buildSettings = {
				ALWAYS_SEARCH_USER_PATHS = NO;
				CLANG_ANALYZER_NONNULL = YES;
				CLANG_ANALYZER_NUMBER_OBJECT_CONVERSION = YES_AGGRESSIVE;
				CLANG_CXX_LANGUAGE_STANDARD = "gnu++20";
				CLANG_ENABLE_MODULES = YES;
				CLANG_ENABLE_OBJC_ARC = YES;
				CLANG_ENABLE_OBJC_WEAK = YES;
				CLANG_WARN_BLOCK_CAPTURE_AUTORELEASING = YES;
				CLANG_WARN_BOOL_CONVERSION = YES;
				CLANG_WARN_COMMA = YES;
				CLANG_WARN_CONSTANT_CONVERSION = YES;
				CLANG_WARN_DEPRECATED_OBJC_IMPLEMENTATIONS = YES;
				CLANG_WARN_DIRECT_OBJC_ISA_USAGE = YES_ERROR;
				CLANG_WARN_DOCUMENTATION_COMMENTS = YES;
				CLANG_WARN_EMPTY_BODY = YES;
				CLANG_WARN_ENUM_CONVERSION = YES;
				CLANG_WARN_INFINITE_RECURSION = YES;
				CLANG_WARN_INT_CONVERSION = YES;
				CLANG_WARN_NON_LITERAL_NULL_CONVERSION = YES;
				CLANG_WARN_OBJC_IMPLICIT_RETAIN_SELF = YES;
				CLANG_WARN_OBJC_LITERAL_CONVERSION = YES;
				CLANG_WARN_OBJC_ROOT_CLASS = YES_ERROR;
				CLANG_WARN_QUOTED_INCLUDE_IN_FRAMEWORK_HEADER = YES;
				CLANG_WARN_RANGE_LOOP_ANALYSIS = YES;
				CLANG_WARN_STRICT_PROTOTYPES = YES;
				CLANG_WARN_SUSPICIOUS_MOVE = YES;
				CLANG_WARN_UNGUARDED_AVAILABILITY = YES_AGGRESSIVE;
				CLANG_WARN_UNREACHABLE_CODE = YES;
				CLANG_WARN__DUPLICATE_METHOD_MATCH = YES;
				COPY_PHASE_STRIP = NO;
				DEBUG_INFORMATION_FORMAT = "dwarf-with-dsym";
				ENABLE_NS_ASSERTIONS = NO;
				ENABLE_STRICT_OBJC_MSGSEND = YES;
				GCC_C_LANGUAGE_STANDARD = gnu11;
				GCC_NO_COMMON_BLOCKS = YES;
				GCC_WARN_64_TO_32_BIT_CONVERSION = YES;
				GCC_WARN_ABOUT_RETURN_TYPE = YES_ERROR;
				GCC_WARN_UNDECLARED_SELECTOR = YES;
				GCC_WARN_UNINITIALIZED_AUTOS = YES_AGGRESSIVE;
				GCC_WARN_UNUSED_FUNCTION = YES;
				GCC_WARN_UNUSED_VARIABLE = YES;
				IPHONEOS_DEPLOYMENT_TARGET = 16.0;
				MTL_ENABLE_DEBUG_INFO = NO;
				MTL_FAST_MATH = YES;
				SDKROOT = iphoneos;
				SWIFT_COMPILATION_MODE = wholemodule;
				SWIFT_OPTIMIZATION_LEVEL = "-O";
				VALIDATE_PRODUCT = YES;
			};
			name = Release;
		};
		02FAA61228FEA57E0059F355 /* Debug */ = {
			isa = XCBuildConfiguration;
			buildSettings = {
				ASSETCATALOG_COMPILER_APPICON_NAME = AppIcon;
				ASSETCATALOG_COMPILER_GLOBAL_ACCENT_COLOR_NAME = AccentColor;
				CODE_SIGN_STYLE = Automatic;
				CURRENT_PROJECT_VERSION = 1;
				DEVELOPMENT_TEAM = UQND3C5G35;
				GENERATE_INFOPLIST_FILE = YES;
				INFOPLIST_FILE = Hackaton/Info.plist;
				INFOPLIST_KEY_NSCameraUsageDescription = "for inference";
				INFOPLIST_KEY_UIApplicationSupportsIndirectInputEvents = YES;
				INFOPLIST_KEY_UILaunchStoryboardName = LaunchScreen;
				INFOPLIST_KEY_UIMainStoryboardFile = Main;
				INFOPLIST_KEY_UISupportedInterfaceOrientations_iPad = "UIInterfaceOrientationPortrait UIInterfaceOrientationPortraitUpsideDown UIInterfaceOrientationLandscapeLeft UIInterfaceOrientationLandscapeRight";
				INFOPLIST_KEY_UISupportedInterfaceOrientations_iPhone = "UIInterfaceOrientationPortrait UIInterfaceOrientationLandscapeLeft UIInterfaceOrientationLandscapeRight";
				LD_RUNPATH_SEARCH_PATHS = (
					"$(inherited)",
					"@executable_path/Frameworks",
				);
				MARKETING_VERSION = 1.0;
				PRODUCT_BUNDLE_IDENTIFIER = com.technifutur.hackaton.Hackaton;
				PRODUCT_NAME = "$(TARGET_NAME)";
				SWIFT_EMIT_LOC_STRINGS = YES;
				SWIFT_VERSION = 5.0;
				TARGETED_DEVICE_FAMILY = "1,2";
			};
			name = Debug;
		};
		02FAA61328FEA57E0059F355 /* Release */ = {
			isa = XCBuildConfiguration;
			buildSettings = {
				ASSETCATALOG_COMPILER_APPICON_NAME = AppIcon;
				ASSETCATALOG_COMPILER_GLOBAL_ACCENT_COLOR_NAME = AccentColor;
				CODE_SIGN_STYLE = Automatic;
				CURRENT_PROJECT_VERSION = 1;
				DEVELOPMENT_TEAM = UQND3C5G35;
				GENERATE_INFOPLIST_FILE = YES;
				INFOPLIST_FILE = Hackaton/Info.plist;
				INFOPLIST_KEY_NSCameraUsageDescription = "for inference";
				INFOPLIST_KEY_UIApplicationSupportsIndirectInputEvents = YES;
				INFOPLIST_KEY_UILaunchStoryboardName = LaunchScreen;
				INFOPLIST_KEY_UIMainStoryboardFile = Main;
				INFOPLIST_KEY_UISupportedInterfaceOrientations_iPad = "UIInterfaceOrientationPortrait UIInterfaceOrientationPortraitUpsideDown UIInterfaceOrientationLandscapeLeft UIInterfaceOrientationLandscapeRight";
				INFOPLIST_KEY_UISupportedInterfaceOrientations_iPhone = "UIInterfaceOrientationPortrait UIInterfaceOrientationLandscapeLeft UIInterfaceOrientationLandscapeRight";
				LD_RUNPATH_SEARCH_PATHS = (
					"$(inherited)",
					"@executable_path/Frameworks",
				);
				MARKETING_VERSION = 1.0;
				PRODUCT_BUNDLE_IDENTIFIER = com.technifutur.hackaton.Hackaton;
				PRODUCT_NAME = "$(TARGET_NAME)";
				SWIFT_EMIT_LOC_STRINGS = YES;
				SWIFT_VERSION = 5.0;
				TARGETED_DEVICE_FAMILY = "1,2";
			};
			name = Release;
		};
/* End XCBuildConfiguration section */

/* Begin XCConfigurationList section */
		02FAA5F528FEA57D0059F355 /* Build configuration list for PBXProject "Hackaton" */ = {
			isa = XCConfigurationList;
			buildConfigurations = (
				02FAA60F28FEA57E0059F355 /* Debug */,
				02FAA61028FEA57E0059F355 /* Release */,
			);
			defaultConfigurationIsVisible = 0;
			defaultConfigurationName = Release;
		};
		02FAA61128FEA57E0059F355 /* Build configuration list for PBXNativeTarget "Hackaton" */ = {
			isa = XCConfigurationList;
			buildConfigurations = (
				02FAA61228FEA57E0059F355 /* Debug */,
				02FAA61328FEA57E0059F355 /* Release */,
			);
			defaultConfigurationIsVisible = 0;
			defaultConfigurationName = Release;
		};
/* End XCConfigurationList section */

/* Begin XCVersionGroup section */
		02FAA60628FEA57D0059F355 /* Hackaton.xcdatamodeld */ = {
			isa = XCVersionGroup;
			children = (
				02FAA60728FEA57D0059F355 /* Hackaton.xcdatamodel */,
			);
			currentVersion = 02FAA60728FEA57D0059F355 /* Hackaton.xcdatamodel */;
			path = Hackaton.xcdatamodeld;
			sourceTree = "<group>";
			versionGroupType = wrapper.xcdatamodel;
		};
/* End XCVersionGroup section */
	};
	rootObject = 02FAA5F228FEA57D0059F355 /* Project object */;
}
